// !$*UTF8*$!
{
	archiveVersion = 1;
	classes = {
	};
	objectVersion = 46;
	objects = {

/* Begin PBXBuildFile section */
		02029F16A7DCEB7F7414713C /* Pods_MovileNext.framework in Frameworks */ = {isa = PBXBuildFile; fileRef = FCE958B02CA443A32782D054 /* Pods_MovileNext.framework */; settings = {ATTRIBUTES = (Weak, ); }; };
		08362CEDA65D1EF82952FE90 /* Storyboards.swift in Sources */ = {isa = PBXBuildFile; fileRef = E4B0A2D12E574B392A6409AE /* Storyboards.swift */; };
		72D874A65D1F769D3A7355DE /* Pods_unit_tests.framework in Frameworks */ = {isa = PBXBuildFile; fileRef = 410EBF7D2A727C19D4CCC42C /* Pods_unit_tests.framework */; settings = {ATTRIBUTES = (Weak, ); }; };
		7BFCABD4634F4C8B27489931 /* Images.xcassets in Resources */ = {isa = PBXBuildFile; fileRef = B794FF58401213429CE946BC /* Images.xcassets */; };
		942AD0010423113A0C461B27 /* Main.storyboard in Sources */ = {isa = PBXBuildFile; fileRef = D24BA64A01DA57AF2DB3A5E5 /* Main.storyboard */; };
		B26F5A5C2525661E68EA9946 /* AppDelegate.swift in Sources */ = {isa = PBXBuildFile; fileRef = A8723FF3825C1C43D1A7B2BA /* AppDelegate.swift */; };
		CE0767281B373B9E0077AED4 /* ShowCell.swift in Sources */ = {isa = PBXBuildFile; fileRef = CE0767271B373B9E0077AED4 /* ShowCell.swift */; };
		CE32DD511B4048BA0030BF7F /* ShowInternalViewController.swift in Sources */ = {isa = PBXBuildFile; fileRef = CE32DD501B4048BA0030BF7F /* ShowInternalViewController.swift */; };
		CE32DD531B408E6B0030BF7F /* FavoritesManager.swift in Sources */ = {isa = PBXBuildFile; fileRef = CE32DD521B408E6B0030BF7F /* FavoritesManager.swift */; };
		CE423CE21B2DBDD900D4778B /* EpisodiosTableViewController.swift in Sources */ = {isa = PBXBuildFile; fileRef = CE423CE11B2DBDD900D4778B /* EpisodiosTableViewController.swift */; };
		CE423CE41B2DC1C800D4778B /* CellEpisodiosTableViewCell.swift in Sources */ = {isa = PBXBuildFile; fileRef = CE423CE31B2DC1C800D4778B /* CellEpisodiosTableViewCell.swift */; };
		CE423CE61B2DD38300D4778B /* ShowsViewController.swift in Sources */ = {isa = PBXBuildFile; fileRef = CE423CE51B2DD38300D4778B /* ShowsViewController.swift */; };
		CE423CE81B2DD7D600D4778B /* ShowCollectionViewCell.swift in Sources */ = {isa = PBXBuildFile; fileRef = CE423CE71B2DD7D600D4778B /* ShowCollectionViewCell.swift */; };
		CE423CEA1B2E1AB200D4778B /* TraktHTTPClient.swift in Sources */ = {isa = PBXBuildFile; fileRef = CE423CE91B2E1AB200D4778B /* TraktHTTPClient.swift */; };
		CE6055541B3ED9E700FE6A85 /* UIImage+DarkenImage.swift in Sources */ = {isa = PBXBuildFile; fileRef = CE6055531B3ED9E700FE6A85 /* UIImage+DarkenImage.swift */; };
		CE6055581B3EE87500FE6A85 /* ShowDetailViewController.swift in Sources */ = {isa = PBXBuildFile; fileRef = CE6055571B3EE87500FE6A85 /* ShowDetailViewController.swift */; };
		CE9718E91B2CAED600063BE7 /* UIColor+MovileNext.swift in Sources */ = {isa = PBXBuildFile; fileRef = CE9718E81B2CAED600063BE7 /* UIColor+MovileNext.swift */; };
		CE9718EB1B2CAFD700063BE7 /* CustomNavigationControllerViewController.swift in Sources */ = {isa = PBXBuildFile; fileRef = CE9718EA1B2CAFD700063BE7 /* CustomNavigationControllerViewController.swift */; };
		CE9718ED1B2CB12000063BE7 /* EpisodeViewController.swift in Sources */ = {isa = PBXBuildFile; fileRef = CE9718EC1B2CB12000063BE7 /* EpisodeViewController.swift */; };
		CEA475461B3F2923004EF724 /* GenresViewController.swift in Sources */ = {isa = PBXBuildFile; fileRef = CEA475451B3F2923004EF724 /* GenresViewController.swift */; };
		CEA475481B3F2D28004EF724 /* DetailViewController.swift in Sources */ = {isa = PBXBuildFile; fileRef = CEA475471B3F2D28004EF724 /* DetailViewController.swift */; };
		CEAF859A1B3EEE2300AB02C6 /* OverviewViewController.swift in Sources */ = {isa = PBXBuildFile; fileRef = CEAF85991B3EEE2300AB02C6 /* OverviewViewController.swift */; };
		CEAF859E1B3EF30C00AB02C6 /* SeasonsTableViewController.swift in Sources */ = {isa = PBXBuildFile; fileRef = CEAF859D1B3EF30C00AB02C6 /* SeasonsTableViewController.swift */; };
		CEAF85A01B3EF3A700AB02C6 /* SeasonCell.swift in Sources */ = {isa = PBXBuildFile; fileRef = CEAF859F1B3EF3A700AB02C6 /* SeasonCell.swift */; };
		D836D93037C62DC58A969CC8 /* Foundation.framework in Frameworks */ = {isa = PBXBuildFile; fileRef = F06F70CFE8F7CA2525E5FAF7 /* Foundation.framework */; };
		DD49F883CAF1AE86F8929441 /* LaunchScreen.xib in Sources */ = {isa = PBXBuildFile; fileRef = D3F647B87C73D0128099E1E5 /* LaunchScreen.xib */; };
/* End PBXBuildFile section */

/* Begin PBXContainerItemProxy section */
		37AFA2893AA8A0EED9F52491 /* PBXContainerItemProxy */ = {
			isa = PBXContainerItemProxy;
			containerPortal = 01F7FDB8BF95C5E106696319 /* Project object */;
			proxyType = 1;
			remoteGlobalIDString = DD214E5FA02483A38CC8A717;
			remoteInfo = MovileNext;
		};
/* End PBXContainerItemProxy section */

/* Begin PBXFileReference section */
		247C8D7238DC5A2C6901D8A7 /* UnitTests-Info.plist */ = {isa = PBXFileReference; includeInIndex = 1; lastKnownFileType = text.plist.xml; path = "UnitTests-Info.plist"; sourceTree = "<group>"; };
		3C1015B56B6A87ECED90CC74 /* Pods-MovileNext.release.xcconfig */ = {isa = PBXFileReference; includeInIndex = 1; lastKnownFileType = text.xcconfig; name = "Pods-MovileNext.release.xcconfig"; path = "Pods/Target Support Files/Pods-MovileNext/Pods-MovileNext.release.xcconfig"; sourceTree = "<group>"; };
		3EE34027C9E7FD5E4DD5FC2D /* Pods-unit_tests.debug.xcconfig */ = {isa = PBXFileReference; includeInIndex = 1; lastKnownFileType = text.xcconfig; name = "Pods-unit_tests.debug.xcconfig"; path = "Pods/Target Support Files/Pods-unit_tests/Pods-unit_tests.debug.xcconfig"; sourceTree = "<group>"; };
		410EBF7D2A727C19D4CCC42C /* Pods_unit_tests.framework */ = {isa = PBXFileReference; explicitFileType = wrapper.framework; includeInIndex = 0; path = Pods_unit_tests.framework; sourceTree = BUILT_PRODUCTS_DIR; };
		587E454C330CCF478E87A5EF /* UnitTests.xctest */ = {isa = PBXFileReference; explicitFileType = wrapper.cfbundle; includeInIndex = 0; path = UnitTests.xctest; sourceTree = BUILT_PRODUCTS_DIR; };
		62DDE373F6AE5B11CF048EE7 /* Pods-unit_tests.release.xcconfig */ = {isa = PBXFileReference; includeInIndex = 1; lastKnownFileType = text.xcconfig; name = "Pods-unit_tests.release.xcconfig"; path = "Pods/Target Support Files/Pods-unit_tests/Pods-unit_tests.release.xcconfig"; sourceTree = "<group>"; };
		89F86438A650F754C85D1ECB /* Info.plist */ = {isa = PBXFileReference; includeInIndex = 1; lastKnownFileType = text.plist.xml; path = Info.plist; sourceTree = "<group>"; };
		A8723FF3825C1C43D1A7B2BA /* AppDelegate.swift */ = {isa = PBXFileReference; includeInIndex = 1; lastKnownFileType = sourcecode.swift; path = AppDelegate.swift; sourceTree = "<group>"; };
		B794FF58401213429CE946BC /* Images.xcassets */ = {isa = PBXFileReference; includeInIndex = 1; lastKnownFileType = folder.assetcatalog; path = Images.xcassets; sourceTree = "<group>"; };
		CE0767271B373B9E0077AED4 /* ShowCell.swift */ = {isa = PBXFileReference; fileEncoding = 4; lastKnownFileType = sourcecode.swift; path = ShowCell.swift; sourceTree = "<group>"; };
		CE32DD501B4048BA0030BF7F /* ShowInternalViewController.swift */ = {isa = PBXFileReference; fileEncoding = 4; lastKnownFileType = sourcecode.swift; path = ShowInternalViewController.swift; sourceTree = "<group>"; };
		CE32DD521B408E6B0030BF7F /* FavoritesManager.swift */ = {isa = PBXFileReference; fileEncoding = 4; lastKnownFileType = sourcecode.swift; path = FavoritesManager.swift; sourceTree = "<group>"; };
		CE423CE11B2DBDD900D4778B /* EpisodiosTableViewController.swift */ = {isa = PBXFileReference; fileEncoding = 4; lastKnownFileType = sourcecode.swift; path = EpisodiosTableViewController.swift; sourceTree = "<group>"; };
		CE423CE31B2DC1C800D4778B /* CellEpisodiosTableViewCell.swift */ = {isa = PBXFileReference; fileEncoding = 4; lastKnownFileType = sourcecode.swift; name = CellEpisodiosTableViewCell.swift; path = ../ViewControllers/CellEpisodiosTableViewCell.swift; sourceTree = "<group>"; };
		CE423CE51B2DD38300D4778B /* ShowsViewController.swift */ = {isa = PBXFileReference; fileEncoding = 4; lastKnownFileType = sourcecode.swift; name = ShowsViewController.swift; path = ../ViewControllers/ShowsViewController.swift; sourceTree = "<group>"; };
		CE423CE71B2DD7D600D4778B /* ShowCollectionViewCell.swift */ = {isa = PBXFileReference; fileEncoding = 4; lastKnownFileType = sourcecode.swift; path = ShowCollectionViewCell.swift; sourceTree = "<group>"; };
		CE423CE91B2E1AB200D4778B /* TraktHTTPClient.swift */ = {isa = PBXFileReference; fileEncoding = 4; lastKnownFileType = sourcecode.swift; name = TraktHTTPClient.swift; path = ../Controllers/TraktHTTPClient.swift; sourceTree = "<group>"; };
		CE6055531B3ED9E700FE6A85 /* UIImage+DarkenImage.swift */ = {isa = PBXFileReference; fileEncoding = 4; lastKnownFileType = sourcecode.swift; path = "UIImage+DarkenImage.swift"; sourceTree = "<group>"; };
		CE6055571B3EE87500FE6A85 /* ShowDetailViewController.swift */ = {isa = PBXFileReference; fileEncoding = 4; lastKnownFileType = sourcecode.swift; path = ShowDetailViewController.swift; sourceTree = "<group>"; };
		CE9718E81B2CAED600063BE7 /* UIColor+MovileNext.swift */ = {isa = PBXFileReference; fileEncoding = 4; lastKnownFileType = sourcecode.swift; path = "UIColor+MovileNext.swift"; sourceTree = "<group>"; };
		CE9718EA1B2CAFD700063BE7 /* CustomNavigationControllerViewController.swift */ = {isa = PBXFileReference; fileEncoding = 4; lastKnownFileType = sourcecode.swift; path = CustomNavigationControllerViewController.swift; sourceTree = "<group>"; };
		CE9718EC1B2CB12000063BE7 /* EpisodeViewController.swift */ = {isa = PBXFileReference; fileEncoding = 4; lastKnownFileType = sourcecode.swift; path = EpisodeViewController.swift; sourceTree = "<group>"; };
		CEA475451B3F2923004EF724 /* GenresViewController.swift */ = {isa = PBXFileReference; fileEncoding = 4; lastKnownFileType = sourcecode.swift; path = GenresViewController.swift; sourceTree = "<group>"; };
		CEA475471B3F2D28004EF724 /* DetailViewController.swift */ = {isa = PBXFileReference; fileEncoding = 4; lastKnownFileType = sourcecode.swift; path = DetailViewController.swift; sourceTree = "<group>"; };
		CEAF85991B3EEE2300AB02C6 /* OverviewViewController.swift */ = {isa = PBXFileReference; fileEncoding = 4; lastKnownFileType = sourcecode.swift; path = OverviewViewController.swift; sourceTree = "<group>"; };
		CEAF859D1B3EF30C00AB02C6 /* SeasonsTableViewController.swift */ = {isa = PBXFileReference; fileEncoding = 4; lastKnownFileType = sourcecode.swift; path = SeasonsTableViewController.swift; sourceTree = "<group>"; };
		CEAF859F1B3EF3A700AB02C6 /* SeasonCell.swift */ = {isa = PBXFileReference; fileEncoding = 4; lastKnownFileType = sourcecode.swift; path = SeasonCell.swift; sourceTree = "<group>"; };
		D24BA64A01DA57AF2DB3A5E5 /* Main.storyboard */ = {isa = PBXFileReference; includeInIndex = 1; lastKnownFileType = file.storyboard; path = Main.storyboard; sourceTree = "<group>"; };
		D3F647B87C73D0128099E1E5 /* LaunchScreen.xib */ = {isa = PBXFileReference; includeInIndex = 1; lastKnownFileType = file.xib; path = LaunchScreen.xib; sourceTree = "<group>"; };
		D6B3CC8B17FEDD5A0C46F62A /* MovileNext.app */ = {isa = PBXFileReference; explicitFileType = wrapper.application; includeInIndex = 0; path = MovileNext.app; sourceTree = BUILT_PRODUCTS_DIR; };
		DA3EF2B14883571D9FB27CFD /* Pods-MovileNext.debug.xcconfig */ = {isa = PBXFileReference; includeInIndex = 1; lastKnownFileType = text.xcconfig; name = "Pods-MovileNext.debug.xcconfig"; path = "Pods/Target Support Files/Pods-MovileNext/Pods-MovileNext.debug.xcconfig"; sourceTree = "<group>"; };
		E4B0A2D12E574B392A6409AE /* Storyboards.swift */ = {isa = PBXFileReference; includeInIndex = 1; lastKnownFileType = sourcecode.swift; path = Storyboards.swift; sourceTree = "<group>"; };
		F06F70CFE8F7CA2525E5FAF7 /* Foundation.framework */ = {isa = PBXFileReference; lastKnownFileType = wrapper.framework; name = Foundation.framework; path = Platforms/iPhoneOS.platform/Developer/SDKs/iPhoneOS7.1.sdk/System/Library/Frameworks/Foundation.framework; sourceTree = DEVELOPER_DIR; };
		FCE958B02CA443A32782D054 /* Pods_MovileNext.framework */ = {isa = PBXFileReference; explicitFileType = wrapper.framework; includeInIndex = 0; path = Pods_MovileNext.framework; sourceTree = BUILT_PRODUCTS_DIR; };
/* End PBXFileReference section */

/* Begin PBXFrameworksBuildPhase section */
		1ED5D338D1A3932F2BF22166 /* Frameworks */ = {
			isa = PBXFrameworksBuildPhase;
			buildActionMask = 2147483647;
			files = (
				D836D93037C62DC58A969CC8 /* Foundation.framework in Frameworks */,
				02029F16A7DCEB7F7414713C /* Pods_MovileNext.framework in Frameworks */,
			);
			runOnlyForDeploymentPostprocessing = 0;
		};
		3D7B7F712F7DDEC84E28C06C /* Frameworks */ = {
			isa = PBXFrameworksBuildPhase;
			buildActionMask = 2147483647;
			files = (
				72D874A65D1F769D3A7355DE /* Pods_unit_tests.framework in Frameworks */,
			);
			runOnlyForDeploymentPostprocessing = 0;
		};
/* End PBXFrameworksBuildPhase section */

/* Begin PBXGroup section */
		015544F193006BAB5683BF37 /* Controllers */ = {
			isa = PBXGroup;
			children = (
				CE423CE51B2DD38300D4778B /* ShowsViewController.swift */,
				A8723FF3825C1C43D1A7B2BA /* AppDelegate.swift */,
				E4B0A2D12E574B392A6409AE /* Storyboards.swift */,
			);
			path = Controllers;
			sourceTree = "<group>";
		};
		12E3EDB9AEB5E8DFE638D34F /* Products */ = {
			isa = PBXGroup;
			children = (
				D6B3CC8B17FEDD5A0C46F62A /* MovileNext.app */,
				587E454C330CCF478E87A5EF /* UnitTests.xctest */,
			);
			name = Products;
			sourceTree = "<group>";
		};
		1E91525C4498E46C16B3F4C0 /* Protocols */ = {
			isa = PBXGroup;
			children = (
				CE32DD501B4048BA0030BF7F /* ShowInternalViewController.swift */,
			);
			path = Protocols;
			sourceTree = "<group>";
		};
		2095850623A1A7EA459E632A /* Resources */ = {
			isa = PBXGroup;
			children = (
				247C8D7238DC5A2C6901D8A7 /* UnitTests-Info.plist */,
			);
			path = Resources;
			sourceTree = "<group>";
		};
		288AF859CAB24602CD58FB54 /* iOS */ = {
			isa = PBXGroup;
			children = (
				F06F70CFE8F7CA2525E5FAF7 /* Foundation.framework */,
			);
			name = iOS;
			sourceTree = "<group>";
		};
		3598F9A572325D6F2CF7434C /* Extensions */ = {
			isa = PBXGroup;
			children = (
				CE6055531B3ED9E700FE6A85 /* UIImage+DarkenImage.swift */,
				CE9718E81B2CAED600063BE7 /* UIColor+MovileNext.swift */,
			);
			path = Extensions;
			sourceTree = "<group>";
		};
		3D1E19E4D429B2D05500E68F /* Nibs */ = {
			isa = PBXGroup;
			children = (
				D3F647B87C73D0128099E1E5 /* LaunchScreen.xib */,
			);
			path = Nibs;
			sourceTree = "<group>";
		};
		4B0492A0A605BC02266C63E1 /* UnitTests */ = {
			isa = PBXGroup;
			children = (
				2095850623A1A7EA459E632A /* Resources */,
				6AC4F60E6110777F2FD6CAA3 /* Helpers */,
				8F1CBBF8C919CBEBFFE51832 /* Tests */,
			);
			path = UnitTests;
			sourceTree = "<group>";
		};
		5780476494CE81E80D89A245 /* Pods */ = {
			isa = PBXGroup;
			children = (
				62DDE373F6AE5B11CF048EE7 /* Pods-unit_tests.release.xcconfig */,
				3EE34027C9E7FD5E4DD5FC2D /* Pods-unit_tests.debug.xcconfig */,
				3C1015B56B6A87ECED90CC74 /* Pods-MovileNext.release.xcconfig */,
				DA3EF2B14883571D9FB27CFD /* Pods-MovileNext.debug.xcconfig */,
			);
			name = Pods;
			sourceTree = "<group>";
		};
		5D03462D51E2353460D710F7 /* Frameworks */ = {
			isa = PBXGroup;
			children = (
				288AF859CAB24602CD58FB54 /* iOS */,
				410EBF7D2A727C19D4CCC42C /* Pods_unit_tests.framework */,
				FCE958B02CA443A32782D054 /* Pods_MovileNext.framework */,
			);
			name = Frameworks;
			sourceTree = "<group>";
		};
		6AC4F60E6110777F2FD6CAA3 /* Helpers */ = {
			isa = PBXGroup;
			children = (
			);
			path = Helpers;
			sourceTree = "<group>";
		};
		70C5C16D98897A352B5DB202 /* ViewControllers */ = {
			isa = PBXGroup;
			children = (
				CE9718EA1B2CAFD700063BE7 /* CustomNavigationControllerViewController.swift */,
				CE9718EC1B2CB12000063BE7 /* EpisodeViewController.swift */,
				CE423CE11B2DBDD900D4778B /* EpisodiosTableViewController.swift */,
				CE423CE91B2E1AB200D4778B /* TraktHTTPClient.swift */,
				CE6055571B3EE87500FE6A85 /* ShowDetailViewController.swift */,
				CEAF85991B3EEE2300AB02C6 /* OverviewViewController.swift */,
				CEAF859D1B3EF30C00AB02C6 /* SeasonsTableViewController.swift */,
				CEA475451B3F2923004EF724 /* GenresViewController.swift */,
				CEA475471B3F2D28004EF724 /* DetailViewController.swift */,
			);
			path = ViewControllers;
			sourceTree = "<group>";
		};
		8F1CBBF8C919CBEBFFE51832 /* Tests */ = {
			isa = PBXGroup;
			children = (
			);
			path = Tests;
			sourceTree = "<group>";
		};
		AE14D4E4266A12A72322CE96 /* MovileNext */ = {
			isa = PBXGroup;
			children = (
				3598F9A572325D6F2CF7434C /* Extensions */,
				1E91525C4498E46C16B3F4C0 /* Protocols */,
				DA2DDB20519CBB5E3545B050 /* Models */,
				70C5C16D98897A352B5DB202 /* ViewControllers */,
				015544F193006BAB5683BF37 /* Controllers */,
				C677E0661579D7DC0C090A39 /* Views */,
				E51A3168C833FF791D83A11F /* Resources */,
			);
			path = MovileNext;
			sourceTree = "<group>";
		};
		C677E0661579D7DC0C090A39 /* Views */ = {
			isa = PBXGroup;
			children = (
				CE423CE31B2DC1C800D4778B /* CellEpisodiosTableViewCell.swift */,
				CE423CE71B2DD7D600D4778B /* ShowCollectionViewCell.swift */,
			);
			path = Views;
			sourceTree = "<group>";
		};
		C94763098E2691029AB128CD /* Storyboards */ = {
			isa = PBXGroup;
			children = (
				D24BA64A01DA57AF2DB3A5E5 /* Main.storyboard */,
			);
			path = Storyboards;
			sourceTree = "<group>";
		};
		DA2DDB20519CBB5E3545B050 /* Models */ = {
			isa = PBXGroup;
			children = (
				CE0767271B373B9E0077AED4 /* ShowCell.swift */,
				CEAF859F1B3EF3A700AB02C6 /* SeasonCell.swift */,
				CE32DD521B408E6B0030BF7F /* FavoritesManager.swift */,
			);
			path = Models;
			sourceTree = "<group>";
		};
		E51A3168C833FF791D83A11F /* Resources */ = {
			isa = PBXGroup;
			children = (
				B794FF58401213429CE946BC /* Images.xcassets */,
				C94763098E2691029AB128CD /* Storyboards */,
				3D1E19E4D429B2D05500E68F /* Nibs */,
				F9D5706CFC8FF43BD48FF4C1 /* Other-Sources */,
			);
			path = Resources;
			sourceTree = "<group>";
		};
		E649D82A4557DFCC173F9139 = {
			isa = PBXGroup;
			children = (
				AE14D4E4266A12A72322CE96 /* MovileNext */,
				4B0492A0A605BC02266C63E1 /* UnitTests */,
				5D03462D51E2353460D710F7 /* Frameworks */,
				12E3EDB9AEB5E8DFE638D34F /* Products */,
				5780476494CE81E80D89A245 /* Pods */,
			);
			indentWidth = 4;
			sourceTree = "<group>";
			tabWidth = 4;
			usesTabs = 0;
		};
		F9D5706CFC8FF43BD48FF4C1 /* Other-Sources */ = {
			isa = PBXGroup;
			children = (
				89F86438A650F754C85D1ECB /* Info.plist */,
			);
			path = "Other-Sources";
			sourceTree = "<group>";
		};
/* End PBXGroup section */

/* Begin PBXNativeTarget section */
		DD214E5FA02483A38CC8A717 /* MovileNext */ = {
			isa = PBXNativeTarget;
			buildConfigurationList = 2C8B882A005B3B7CC8BC02BA /* Build configuration list for PBXNativeTarget "MovileNext" */;
			buildPhases = (
				2A42B92420528AE26153F9CC /* Check Pods Manifest.lock */,
				EAF930F1671E8C5A4DA07B13 /* Generate Storyboards.swift (Natalie) */,
				576DDE7FEF1A8A29DCAA7A0F /* Sources */,
				1ED5D338D1A3932F2BF22166 /* Frameworks */,
				41D8BF2CBD12E06114FAE7A0 /* Resources */,
				11E9B15B1A58F4B140DAE78D /* Warn for TODO and FIXME comments */,
				7A4F06D9679639BAEB353D0F /* Set version number */,
				C1E67A8FF3D85DFDA34999A1 /* Embed Pods Frameworks */,
				3BE5B44F3A5F1F3AF42B06F8 /* Copy Pods Resources */,
			);
			buildRules = (
			);
			dependencies = (
			);
			name = MovileNext;
			productName = MovileNext;
			productReference = D6B3CC8B17FEDD5A0C46F62A /* MovileNext.app */;
			productType = "com.apple.product-type.application";
		};
		F94613343EB09E2F35331476 /* UnitTests */ = {
			isa = PBXNativeTarget;
			buildConfigurationList = 0FFC7D364294A30B8CFA08A2 /* Build configuration list for PBXNativeTarget "UnitTests" */;
			buildPhases = (
				E836CC8E92E8F9FA02129D2A /* Check Pods Manifest.lock */,
				DCE7489E62BE72F074733497 /* Sources */,
				3D7B7F712F7DDEC84E28C06C /* Frameworks */,
				ECC26B4852835956ADA357D7 /* Resources */,
				F81539F4BCAFA9AC8CB86BA1 /* Embed Pods Frameworks */,
				3D200D666D6E50A40B7F4614 /* Copy Pods Resources */,
			);
			buildRules = (
			);
			dependencies = (
				4A76DE9566E1B931AC5EC9D9 /* PBXTargetDependency */,
			);
			name = UnitTests;
			productName = UnitTests;
			productReference = 587E454C330CCF478E87A5EF /* UnitTests.xctest */;
			productType = "com.apple.product-type.bundle.unit-test";
		};
/* End PBXNativeTarget section */

/* Begin PBXProject section */
		01F7FDB8BF95C5E106696319 /* Project object */ = {
			isa = PBXProject;
			attributes = {
				CLASSPREFIX = "";
				LastUpgradeCheck = 0510;
				ORGANIZATIONNAME = Movile;
			};
			buildConfigurationList = 6FCAB56BB6771C63B1B81DCA /* Build configuration list for PBXProject "MovileNext" */;
			compatibilityVersion = "Xcode 3.2";
			developmentRegion = English;
			hasScannedForEncodings = 0;
			knownRegions = (
				en,
			);
			mainGroup = E649D82A4557DFCC173F9139;
			productRefGroup = 12E3EDB9AEB5E8DFE638D34F /* Products */;
			projectDirPath = "";
			projectRoot = "";
			targets = (
				DD214E5FA02483A38CC8A717 /* MovileNext */,
				F94613343EB09E2F35331476 /* UnitTests */,
			);
		};
/* End PBXProject section */

/* Begin PBXResourcesBuildPhase section */
		41D8BF2CBD12E06114FAE7A0 /* Resources */ = {
			isa = PBXResourcesBuildPhase;
			buildActionMask = 2147483647;
			files = (
				7BFCABD4634F4C8B27489931 /* Images.xcassets in Resources */,
			);
			runOnlyForDeploymentPostprocessing = 0;
		};
		ECC26B4852835956ADA357D7 /* Resources */ = {
			isa = PBXResourcesBuildPhase;
			buildActionMask = 2147483647;
			files = (
			);
			runOnlyForDeploymentPostprocessing = 0;
		};
/* End PBXResourcesBuildPhase section */

/* Begin PBXShellScriptBuildPhase section */
		11E9B15B1A58F4B140DAE78D /* Warn for TODO and FIXME comments */ = {
			isa = PBXShellScriptBuildPhase;
			buildActionMask = 2147483647;
			files = (
			);
			inputPaths = (
			);
			name = "Warn for TODO and FIXME comments";
			outputPaths = (
			);
			runOnlyForDeploymentPostprocessing = 0;
			shellPath = /bin/sh;
			shellScript = "KEYWORDS=\"TODO:|FIXME:|\\?\\?\\?:|\\!\\!\\!:\"\nFILE_EXTENSIONS=\"swift|h|m|mm|c|cpp\"\nfind -E \"${SRCROOT}\" -ipath \"${SRCROOT}/pods\" -prune -o \\( -regex \".*\\.($FILE_EXTENSIONS)$\" \\) -print0 | xargs -0 egrep --with-filename --line-number --only-matching \"($KEYWORDS).*\\$\" | perl -p -e \"s/($KEYWORDS)/ warning: \\$1/\"\n";
		};
		2A42B92420528AE26153F9CC /* Check Pods Manifest.lock */ = {
			isa = PBXShellScriptBuildPhase;
			buildActionMask = 2147483647;
			files = (
			);
			inputPaths = (
			);
			name = "Check Pods Manifest.lock";
			outputPaths = (
			);
			runOnlyForDeploymentPostprocessing = 0;
			shellPath = /bin/sh;
			shellScript = "diff \"${PODS_ROOT}/../Podfile.lock\" \"${PODS_ROOT}/Manifest.lock\" > /dev/null\nif [[ $? != 0 ]] ; then\n    cat << EOM\nerror: The sandbox is not in sync with the Podfile.lock. Run 'pod install' or update your CocoaPods installation.\nEOM\n    exit 1\nfi\n";
			showEnvVarsInLog = 0;
		};
		3BE5B44F3A5F1F3AF42B06F8 /* Copy Pods Resources */ = {
			isa = PBXShellScriptBuildPhase;
			buildActionMask = 2147483647;
			files = (
			);
			inputPaths = (
			);
			name = "Copy Pods Resources";
			outputPaths = (
			);
			runOnlyForDeploymentPostprocessing = 0;
			shellPath = /bin/sh;
			shellScript = "\"${SRCROOT}/Pods/Target Support Files/Pods-MovileNext/Pods-MovileNext-resources.sh\"\n";
			showEnvVarsInLog = 0;
		};
		3D200D666D6E50A40B7F4614 /* Copy Pods Resources */ = {
			isa = PBXShellScriptBuildPhase;
			buildActionMask = 2147483647;
			files = (
			);
			inputPaths = (
			);
			name = "Copy Pods Resources";
			outputPaths = (
			);
			runOnlyForDeploymentPostprocessing = 0;
			shellPath = /bin/sh;
			shellScript = "\"${SRCROOT}/Pods/Target Support Files/Pods-unit_tests/Pods-unit_tests-resources.sh\"\n";
			showEnvVarsInLog = 0;
		};
		7A4F06D9679639BAEB353D0F /* Set version number */ = {
			isa = PBXShellScriptBuildPhase;
			buildActionMask = 2147483647;
			files = (
			);
			inputPaths = (
			);
			name = "Set version number";
			outputPaths = (
			);
			runOnlyForDeploymentPostprocessing = 0;
			shellPath = /bin/sh;
			shellScript = "git=$(sh /etc/profile; which git)\ngit_release_version=$(\"$git\" describe --tags --always --abbrev=0)\nnumber_of_commits=$(\"$git\" rev-list master | wc -l | tr -d ' ')\ntarget_plist=\"$TARGET_BUILD_DIR/$INFOPLIST_PATH\"\ndsym_plist=\"$DWARF_DSYM_FOLDER_PATH/$DWARF_DSYM_FILE_NAME/Contents/Info.plist\"\n\nfor plist in \"$target_plist\" \"$dsym_plist\"; do\n  if [ -f \"$plist\" ]; then\n    /usr/libexec/PlistBuddy -c \"Set :CFBundleVersion $number_of_commits\" \"$plist\"\n    /usr/libexec/PlistBuddy -c \"Set :CFBundleShortVersionString ${git_release_version#*v}\" \"$plist\"\n  fi\ndone\n";
		};
		C1E67A8FF3D85DFDA34999A1 /* Embed Pods Frameworks */ = {
			isa = PBXShellScriptBuildPhase;
			buildActionMask = 2147483647;
			files = (
			);
			inputPaths = (
			);
			name = "Embed Pods Frameworks";
			outputPaths = (
			);
			runOnlyForDeploymentPostprocessing = 0;
			shellPath = /bin/sh;
			shellScript = "\"${SRCROOT}/Pods/Target Support Files/Pods-MovileNext/Pods-MovileNext-frameworks.sh\"\n";
			showEnvVarsInLog = 0;
		};
		E836CC8E92E8F9FA02129D2A /* Check Pods Manifest.lock */ = {
			isa = PBXShellScriptBuildPhase;
			buildActionMask = 2147483647;
			files = (
			);
			inputPaths = (
			);
			name = "Check Pods Manifest.lock";
			outputPaths = (
			);
			runOnlyForDeploymentPostprocessing = 0;
			shellPath = /bin/sh;
			shellScript = "diff \"${PODS_ROOT}/../Podfile.lock\" \"${PODS_ROOT}/Manifest.lock\" > /dev/null\nif [[ $? != 0 ]] ; then\n    cat << EOM\nerror: The sandbox is not in sync with the Podfile.lock. Run 'pod install' or update your CocoaPods installation.\nEOM\n    exit 1\nfi\n";
			showEnvVarsInLog = 0;
		};
		EAF930F1671E8C5A4DA07B13 /* Generate Storyboards.swift (Natalie) */ = {
			isa = PBXShellScriptBuildPhase;
			buildActionMask = 2147483647;
			files = (
			);
			inputPaths = (
			);
			name = "Generate Storyboards.swift (Natalie)";
			outputPaths = (
			);
			runOnlyForDeploymentPostprocessing = 0;
			shellPath = /bin/sh;
			shellScript = "/usr/local/bin/natalie.swift \"$PROJECT_DIR/$PROJECT_NAME\" > \"$PROJECT_DIR/$PROJECT_NAME/Controllers/Storyboards.swift\"\n";
		};
		F81539F4BCAFA9AC8CB86BA1 /* Embed Pods Frameworks */ = {
			isa = PBXShellScriptBuildPhase;
			buildActionMask = 2147483647;
			files = (
			);
			inputPaths = (
			);
			name = "Embed Pods Frameworks";
			outputPaths = (
			);
			runOnlyForDeploymentPostprocessing = 0;
			shellPath = /bin/sh;
			shellScript = "\"${SRCROOT}/Pods/Target Support Files/Pods-unit_tests/Pods-unit_tests-frameworks.sh\"\n";
			showEnvVarsInLog = 0;
		};
/* End PBXShellScriptBuildPhase section */

/* Begin PBXSourcesBuildPhase section */
		576DDE7FEF1A8A29DCAA7A0F /* Sources */ = {
			isa = PBXSourcesBuildPhase;
			buildActionMask = 2147483647;
			files = (
				CE423CE81B2DD7D600D4778B /* ShowCollectionViewCell.swift in Sources */,
				CE423CEA1B2E1AB200D4778B /* TraktHTTPClient.swift in Sources */,
				CEA475461B3F2923004EF724 /* GenresViewController.swift in Sources */,
				B26F5A5C2525661E68EA9946 /* AppDelegate.swift in Sources */,
				CE6055581B3EE87500FE6A85 /* ShowDetailViewController.swift in Sources */,
				CE32DD531B408E6B0030BF7F /* FavoritesManager.swift in Sources */,
				CEAF859E1B3EF30C00AB02C6 /* SeasonsTableViewController.swift in Sources */,
				CE423CE61B2DD38300D4778B /* ShowsViewController.swift in Sources */,
				CEA475481B3F2D28004EF724 /* DetailViewController.swift in Sources */,
				CE6055541B3ED9E700FE6A85 /* UIImage+DarkenImage.swift in Sources */,
				CE9718ED1B2CB12000063BE7 /* EpisodeViewController.swift in Sources */,
				CE9718EB1B2CAFD700063BE7 /* CustomNavigationControllerViewController.swift in Sources */,
				08362CEDA65D1EF82952FE90 /* Storyboards.swift in Sources */,
				CEAF85A01B3EF3A700AB02C6 /* SeasonCell.swift in Sources */,
				942AD0010423113A0C461B27 /* Main.storyboard in Sources */,
				CE9718E91B2CAED600063BE7 /* UIColor+MovileNext.swift in Sources */,
				CE32DD511B4048BA0030BF7F /* ShowInternalViewController.swift in Sources */,
				CE423CE41B2DC1C800D4778B /* CellEpisodiosTableViewCell.swift in Sources */,
				DD49F883CAF1AE86F8929441 /* LaunchScreen.xib in Sources */,
				CEAF859A1B3EEE2300AB02C6 /* OverviewViewController.swift in Sources */,
				CE423CE21B2DBDD900D4778B /* EpisodiosTableViewController.swift in Sources */,
				CE0767281B373B9E0077AED4 /* ShowCell.swift in Sources */,
			);
			runOnlyForDeploymentPostprocessing = 0;
		};
		DCE7489E62BE72F074733497 /* Sources */ = {
			isa = PBXSourcesBuildPhase;
			buildActionMask = 2147483647;
			files = (
			);
			runOnlyForDeploymentPostprocessing = 0;
		};
/* End PBXSourcesBuildPhase section */

/* Begin PBXTargetDependency section */
		4A76DE9566E1B931AC5EC9D9 /* PBXTargetDependency */ = {
			isa = PBXTargetDependency;
			target = DD214E5FA02483A38CC8A717 /* MovileNext */;
			targetProxy = 37AFA2893AA8A0EED9F52491 /* PBXContainerItemProxy */;
		};
/* End PBXTargetDependency section */

/* Begin XCBuildConfiguration section */
		633578CB48B9C6ADF882A5BF /* Release */ = {
			isa = XCBuildConfiguration;
			buildSettings = {
				ALWAYS_SEARCH_USER_PATHS = NO;
				ASSETCATALOG_COMPILER_APPICON_NAME = AppIcon;
				CLANG_CXX_LANGUAGE_STANDARD = "gnu++0x";
				CLANG_CXX_LIBRARY = "libc++";
				CLANG_ENABLE_MODULES = YES;
				CLANG_ENABLE_OBJC_ARC = YES;
				CLANG_WARN_BOOL_CONVERSION = YES;
				CLANG_WARN_CONSTANT_CONVERSION = YES;
				CLANG_WARN_DEPRECATED_OBJC_IMPLEMENTATIONS = YES;
				CLANG_WARN_DIRECT_OBJC_ISA_USAGE = YES;
				CLANG_WARN_EMPTY_BODY = YES;
				CLANG_WARN_ENUM_CONVERSION = YES;
				CLANG_WARN_IMPLICIT_SIGN_CONVERSION = YES;
				CLANG_WARN_INT_CONVERSION = YES;
				CLANG_WARN_OBJC_IMPLICIT_RETAIN_SELF = YES;
				CLANG_WARN_OBJC_ROOT_CLASS = YES;
				CLANG_WARN_SUSPICIOUS_IMPLICIT_CONVERSION = YES;
				"CODE_SIGN_IDENTITY[sdk=iphoneos*]" = "iPhone Developer";
				COPY_PHASE_STRIP = NO;
				ENABLE_NS_ASSERTIONS = NO;
				GCC_C_LANGUAGE_STANDARD = gnu99;
				GCC_WARN_64_TO_32_BIT_CONVERSION = YES;
				GCC_WARN_ABOUT_DEPRECATED_FUNCTIONS = YES;
				GCC_WARN_ABOUT_MISSING_FIELD_INITIALIZERS = YES;
				GCC_WARN_ABOUT_MISSING_NEWLINE = YES;
				GCC_WARN_ABOUT_RETURN_TYPE = YES;
				GCC_WARN_CHECK_SWITCH_STATEMENTS = YES;
				GCC_WARN_INITIALIZER_NOT_FULLY_BRACKETED = YES;
				GCC_WARN_MISSING_PARENTHESES = YES;
				GCC_WARN_SHADOW = YES;
				GCC_WARN_SIGN_COMPARE = YES;
				GCC_WARN_TYPECHECK_CALLS_TO_PRINTF = YES;
				GCC_WARN_UNDECLARED_SELECTOR = YES;
				GCC_WARN_UNINITIALIZED_AUTOS = YES;
				GCC_WARN_UNUSED_FUNCTION = YES;
				GCC_WARN_UNUSED_LABEL = YES;
				GCC_WARN_UNUSED_VALUE = YES;
				GCC_WARN_UNUSED_VARIABLE = YES;
				IPHONEOS_DEPLOYMENT_TARGET = 8.0;
				RUN_CLANG_STATIC_ANALYZER = YES;
				SDKROOT = iphoneos;
				VALIDATE_PRODUCT = YES;
			};
			name = Release;
		};
		756C200DCD5ACC8AFF33560A /* Debug */ = {
			isa = XCBuildConfiguration;
			baseConfigurationReference = 3EE34027C9E7FD5E4DD5FC2D /* Pods-unit_tests.debug.xcconfig */;
			buildSettings = {
				BUNDLE_LOADER = "$(BUILT_PRODUCTS_DIR)/MovileNext.app/MovileNext";
				FRAMEWORK_SEARCH_PATHS = (
					"$(SDKROOT)/Developer/Library/Frameworks",
					"$(inherited)",
					"$(DEVELOPER_FRAMEWORKS_DIR)",
				);
				INFOPLIST_FILE = "UnitTests/Resources/UnitTests-Info.plist";
				PRODUCT_NAME = "$(TARGET_NAME)";
				SDKROOT = iphoneos;
				SKIP_INSTALL = YES;
				TEST_HOST = "$(BUNDLE_LOADER)";
				WRAPPER_EXTENSION = xctest;
			};
			name = Debug;
		};
		9D3D2B2CA99920685E44B239 /* Debug */ = {
			isa = XCBuildConfiguration;
			baseConfigurationReference = DA3EF2B14883571D9FB27CFD /* Pods-MovileNext.debug.xcconfig */;
			buildSettings = {
				ALWAYS_SEARCH_USER_PATHS = NO;
				ASSETCATALOG_COMPILER_APPICON_NAME = AppIcon;
				ASSETCATALOG_COMPILER_LAUNCHIMAGE_NAME = LaunchImage;
				COPY_PHASE_STRIP = NO;
				DSTROOT = /tmp/xcodeproj.dst;
				GCC_DYNAMIC_NO_PIC = NO;
				GCC_OPTIMIZATION_LEVEL = 0;
				GCC_PRECOMPILE_PREFIX_HEADER = YES;
				GCC_PREPROCESSOR_DEFINITIONS = (
					"DEBUG=1",
					"$(inherited)",
				);
				GCC_SYMBOLS_PRIVATE_EXTERN = NO;
				INFOPLIST_FILE = "MovileNext/Resources/Other-Sources/Info.plist";
				INSTALL_PATH = "$(BUILT_PRODUCTS_DIR)";
				LD_RUNPATH_SEARCH_PATHS = "$(inherited) @executable_path/Frameworks";
				PRODUCT_NAME = "$(TARGET_NAME)";
				PUBLIC_HEADERS_FOLDER_PATH = "$(TARGET_NAME)";
				SDKROOT = iphoneos;
			};
			name = Debug;
		};
		BF635A8374A26A5A0EF603EE /* Release */ = {
			isa = XCBuildConfiguration;
			baseConfigurationReference = 62DDE373F6AE5B11CF048EE7 /* Pods-unit_tests.release.xcconfig */;
			buildSettings = {
				BUNDLE_LOADER = "$(BUILT_PRODUCTS_DIR)/MovileNext.app/MovileNext";
				FRAMEWORK_SEARCH_PATHS = (
					"$(SDKROOT)/Developer/Library/Frameworks",
					"$(inherited)",
					"$(DEVELOPER_FRAMEWORKS_DIR)",
				);
				INFOPLIST_FILE = "UnitTests/Resources/UnitTests-Info.plist";
				PRODUCT_NAME = "$(TARGET_NAME)";
				SDKROOT = iphoneos;
				SKIP_INSTALL = YES;
				TEST_HOST = "$(BUNDLE_LOADER)";
				WRAPPER_EXTENSION = xctest;
			};
			name = Release;
		};
		C477FFC601713F15A6C3A145 /* Debug */ = {
			isa = XCBuildConfiguration;
			buildSettings = {
				ALWAYS_SEARCH_USER_PATHS = NO;
				ASSETCATALOG_COMPILER_APPICON_NAME = AppIcon;
				CLANG_CXX_LANGUAGE_STANDARD = "gnu++0x";
				CLANG_CXX_LIBRARY = "libc++";
				CLANG_ENABLE_MODULES = YES;
				CLANG_ENABLE_OBJC_ARC = YES;
				CLANG_WARN_BOOL_CONVERSION = YES;
				CLANG_WARN_CONSTANT_CONVERSION = YES;
				CLANG_WARN_DEPRECATED_OBJC_IMPLEMENTATIONS = YES;
				CLANG_WARN_DIRECT_OBJC_ISA_USAGE = YES;
				CLANG_WARN_EMPTY_BODY = YES;
				CLANG_WARN_ENUM_CONVERSION = YES;
				CLANG_WARN_IMPLICIT_SIGN_CONVERSION = YES;
				CLANG_WARN_INT_CONVERSION = YES;
				CLANG_WARN_OBJC_IMPLICIT_RETAIN_SELF = YES;
				CLANG_WARN_OBJC_ROOT_CLASS = YES;
				CLANG_WARN_SUSPICIOUS_IMPLICIT_CONVERSION = YES;
				"CODE_SIGN_IDENTITY[sdk=iphoneos*]" = "iPhone Developer";
				COPY_PHASE_STRIP = YES;
				GCC_C_LANGUAGE_STANDARD = gnu99;
				GCC_DYNAMIC_NO_PIC = NO;
				GCC_OPTIMIZATION_LEVEL = 0;
				GCC_PREPROCESSOR_DEFINITIONS = (
					"DEBUG=1",
					"$(inherited)",
				);
				GCC_SYMBOLS_PRIVATE_EXTERN = NO;
				GCC_WARN_64_TO_32_BIT_CONVERSION = YES;
				GCC_WARN_ABOUT_DEPRECATED_FUNCTIONS = YES;
				GCC_WARN_ABOUT_MISSING_FIELD_INITIALIZERS = YES;
				GCC_WARN_ABOUT_MISSING_NEWLINE = YES;
				GCC_WARN_ABOUT_RETURN_TYPE = YES;
				GCC_WARN_CHECK_SWITCH_STATEMENTS = YES;
				GCC_WARN_INITIALIZER_NOT_FULLY_BRACKETED = YES;
				GCC_WARN_MISSING_PARENTHESES = YES;
				GCC_WARN_SHADOW = YES;
				GCC_WARN_SIGN_COMPARE = YES;
				GCC_WARN_TYPECHECK_CALLS_TO_PRINTF = YES;
				GCC_WARN_UNDECLARED_SELECTOR = YES;
				GCC_WARN_UNINITIALIZED_AUTOS = YES;
				GCC_WARN_UNUSED_FUNCTION = YES;
				GCC_WARN_UNUSED_LABEL = YES;
				GCC_WARN_UNUSED_VALUE = YES;
				GCC_WARN_UNUSED_VARIABLE = YES;
				IPHONEOS_DEPLOYMENT_TARGET = 8.0;
				ONLY_ACTIVE_ARCH = YES;
				RUN_CLANG_STATIC_ANALYZER = YES;
				SDKROOT = iphoneos;
			};
			name = Debug;
		};
		CFA86EF7F99C8C88D20812FB /* Release */ = {
			isa = XCBuildConfiguration;
			baseConfigurationReference = 3C1015B56B6A87ECED90CC74 /* Pods-MovileNext.release.xcconfig */;
			buildSettings = {
				ALWAYS_SEARCH_USER_PATHS = NO;
				ASSETCATALOG_COMPILER_APPICON_NAME = AppIcon;
				ASSETCATALOG_COMPILER_LAUNCHIMAGE_NAME = LaunchImage;
				COPY_PHASE_STRIP = YES;
				DSTROOT = /tmp/xcodeproj.dst;
				GCC_PRECOMPILE_PREFIX_HEADER = YES;
				GCC_TREAT_WARNINGS_AS_ERRORS = YES;
				INFOPLIST_FILE = "MovileNext/Resources/Other-Sources/Info.plist";
				INSTALL_PATH = "$(BUILT_PRODUCTS_DIR)";
				LD_RUNPATH_SEARCH_PATHS = "$(inherited) @executable_path/Frameworks";
				OTHER_CFLAGS = (
					"-DNS_BLOCK_ASSERTIONS=1",
					"$(inherited)",
				);
				OTHER_CPLUSPLUSFLAGS = (
					"-DNS_BLOCK_ASSERTIONS=1",
					"$(inherited)",
				);
				PRODUCT_NAME = "$(TARGET_NAME)";
				PUBLIC_HEADERS_FOLDER_PATH = "$(TARGET_NAME)";
				SDKROOT = iphoneos;
				VALIDATE_PRODUCT = YES;
			};
			name = Release;
		};
/* End XCBuildConfiguration section */

/* Begin XCConfigurationList section */
		0FFC7D364294A30B8CFA08A2 /* Build configuration list for PBXNativeTarget "UnitTests" */ = {
			isa = XCConfigurationList;
			buildConfigurations = (
				BF635A8374A26A5A0EF603EE /* Release */,
				756C200DCD5ACC8AFF33560A /* Debug */,
			);
			defaultConfigurationIsVisible = 0;
			defaultConfigurationName = Release;
		};
		2C8B882A005B3B7CC8BC02BA /* Build configuration list for PBXNativeTarget "MovileNext" */ = {
			isa = XCConfigurationList;
			buildConfigurations = (
				CFA86EF7F99C8C88D20812FB /* Release */,
				9D3D2B2CA99920685E44B239 /* Debug */,
			);
			defaultConfigurationIsVisible = 0;
			defaultConfigurationName = Release;
		};
		6FCAB56BB6771C63B1B81DCA /* Build configuration list for PBXProject "MovileNext" */ = {
			isa = XCConfigurationList;
			buildConfigurations = (
				C477FFC601713F15A6C3A145 /* Debug */,
				633578CB48B9C6ADF882A5BF /* Release */,
			);
			defaultConfigurationIsVisible = 0;
			defaultConfigurationName = Release;
		};
/* End XCConfigurationList section */
	};
	rootObject = 01F7FDB8BF95C5E106696319 /* Project object */;
}
